
Microsoft Visual Studio Solution File, Format Version 11.00
# Visual Studio 2010
Project("{FAE04EC0-301F-11D3-BF4B-00C04F79EFBC}") = "AlloyTech", "MyEPiServerSite\AlloyTech.csproj", "{86592C94-5E09-417B-B1E2-AFDB757B24D4}"
EndProject
Project("{FAE04EC0-301F-11D3-BF4B-00C04F79EFBC}") = "ResourceGenerator", "ResourceGenerator\ResourceGenerator.csproj", "{B847D55E-715D-47D2-84E4-E0E8D79F530A}"
EndProject
Project("{FAE04EC0-301F-11D3-BF4B-00C04F79EFBC}") = "PackageSource", "PackageSource\PackageSource.csproj", "{89717BBA-1479-4D4B-B417-1140C07C4E2C}"
EndProject
Project("{FAE04EC0-301F-11D3-BF4B-00C04F79EFBC}") = "Playground", "Playground\Playground.csproj", "{9348C7A1-5E9D-40AA-8B51-3CCA78C72952}"
EndProject
Project("{2150E333-8FDC-42A3-9474-1A3956D46DE8}") = "Test", "Test", "{286B98C8-441C-41E3-874D-8916FC54C13F}"
EndProject
Global
	GlobalSection(SolutionConfigurationPlatforms) = preSolution
		Debug|Any CPU = Debug|Any CPU
		Release|Any CPU = Release|Any CPU
	EndGlobalSection
	GlobalSection(ProjectConfigurationPlatforms) = postSolution
		{86592C94-5E09-417B-B1E2-AFDB757B24D4}.Debug|Any CPU.ActiveCfg = Debug|Any CPU
		{86592C94-5E09-417B-B1E2-AFDB757B24D4}.Debug|Any CPU.Build.0 = Debug|Any CPU
		{86592C94-5E09-417B-B1E2-AFDB757B24D4}.Release|Any CPU.ActiveCfg = Release|Any CPU
		{86592C94-5E09-417B-B1E2-AFDB757B24D4}.Release|Any CPU.Build.0 = Release|Any CPU
		{B847D55E-715D-47D2-84E4-E0E8D79F530A}.Debug|Any CPU.ActiveCfg = Debug|Any CPU
		{B847D55E-715D-47D2-84E4-E0E8D79F530A}.Debug|Any CPU.Build.0 = Debug|Any CPU
		{B847D55E-715D-47D2-84E4-E0E8D79F530A}.Release|Any CPU.ActiveCfg = Release|Any CPU
		{B847D55E-715D-47D2-84E4-E0E8D79F530A}.Release|Any CPU.Build.0 = Release|Any CPU
		{89717BBA-1479-4D4B-B417-1140C07C4E2C}.Debug|Any CPU.ActiveCfg = Debug|Any CPU
		{89717BBA-1479-4D4B-B417-1140C07C4E2C}.Debug|Any CPU.Build.0 = Debug|Any CPU
		{89717BBA-1479-4D4B-B417-1140C07C4E2C}.Release|Any CPU.ActiveCfg = Release|Any CPU
		{89717BBA-1479-4D4B-B417-1140C07C4E2C}.Release|Any CPU.Build.0 = Release|Any CPU
		{9348C7A1-5E9D-40AA-8B51-3CCA78C72952}.Debug|Any CPU.ActiveCfg = Debug|Any CPU
		{9348C7A1-5E9D-40AA-8B51-3CCA78C72952}.Debug|Any CPU.Build.0 = Debug|Any CPU
		{9348C7A1-5E9D-40AA-8B51-3CCA78C72952}.Release|Any CPU.ActiveCfg = Release|Any CPU
		{9348C7A1-5E9D-40AA-8B51-3CCA78C72952}.Release|Any CPU.Build.0 = Release|Any CPU
	EndGlobalSection
	GlobalSection(SolutionProperties) = preSolution
		HideSolutionNode = FALSE
	EndGlobalSection
	GlobalSection(NestedProjects) = preSolution
		{86592C94-5E09-417B-B1E2-AFDB757B24D4} = {286B98C8-441C-41E3-874D-8916FC54C13F}
		{9348C7A1-5E9D-40AA-8B51-3CCA78C72952} = {286B98C8-441C-41E3-874D-8916FC54C13F}
	EndGlobalSection
EndGlobal
